
Microsoft Visual Studio Solution File, Format Version 12.00
# Visual Studio Version 17
VisualStudioVersion = 17.12.35527.113
MinimumVisualStudioVersion = 10.0.40219.1
Project("{FAE04EC0-301F-11D3-BF4B-00C04F79EFBC}") = "Durable", "Durable\Durable.csproj", "{3F86C967-D4C2-4FF3-9256-9C466FB7377E}"
EndProject
Project("{FAE04EC0-301F-11D3-BF4B-00C04F79EFBC}") = "Durable.Sqlite", "Durable.Sqlite\Durable.Sqlite.csproj", "{FE7E8885-E5D2-42F2-9B27-877F168BD42D}"
EndProject
Project("{FAE04EC0-301F-11D3-BF4B-00C04F79EFBC}") = "Test.Shared", "Test.Shared\Test.Shared.csproj", "{5C44F130-BFBB-4F83-AAC9-0C1B2BE0F8F9}"
EndProject
Project("{FAE04EC0-301F-11D3-BF4B-00C04F79EFBC}") = "Durable.MySql", "Durable.MySql\Durable.MySql.csproj", "{6FAEE124-15E1-40DC-ACDA-8E237A03DEAF}"
EndProject
Project("{FAE04EC0-301F-11D3-BF4B-00C04F79EFBC}") = "Durable.Postgres", "Durable.Postgres\Durable.Postgres.csproj", "{AD772CDD-8F67-4428-AA6A-95ACAC4CDDE1}"
EndProject
Project("{FAE04EC0-301F-11D3-BF4B-00C04F79EFBC}") = "Durable.SqlServer", "Durable.SqlServer\Durable.SqlServer.csproj", "{77F888B8-D980-4593-9948-261C7572965B}"
EndProject
Project("{FAE04EC0-301F-11D3-BF4B-00C04F79EFBC}") = "Sample.BlogApp.SqlServer", "Sample.BlogApp.SqlServer\Sample.BlogApp.SqlServer.csproj", "{7F742C34-324D-4DA0-8A6B-B5A23E360A8D}"
EndProject
Project("{FAE04EC0-301F-11D3-BF4B-00C04F79EFBC}") = "Sample.BlogApp.MySql", "Sample.BlogApp.MySql\Sample.BlogApp.MySql.csproj", "{38353514-06D7-A820-FA3F-2AEE4975316F}"
EndProject
Project("{FAE04EC0-301F-11D3-BF4B-00C04F79EFBC}") = "Sample.BlogApp.Postgres", "Sample.BlogApp.Postgres\Sample.BlogApp.Postgres.csproj", "{8152FBA0-E58C-41E0-CC0E-04D8CBE77F12}"
EndProject
Project("{FAE04EC0-301F-11D3-BF4B-00C04F79EFBC}") = "Sample.BlogApp.Sqlite", "Sample.BlogApp.Sqlite\Sample.BlogApp.Sqlite.csproj", "{AAF31A1E-A62B-AA11-4FD5-CF94D8694CA7}"
EndProject
Project("{2150E333-8FDC-42A3-9474-1A3956D46DE8}") = "Sample Apps", "Sample Apps", "{02EA681E-C7D8-13C7-8484-4AC65E1B71E8}"
EndProject
Project("{2150E333-8FDC-42A3-9474-1A3956D46DE8}") = "Tests", "Tests", "{CD38219E-B562-4268-A1D3-CA38E7000FD9}"
EndProject
Project("{2150E333-8FDC-42A3-9474-1A3956D46DE8}") = "BlogApps", "BlogApps", "{57D8DC95-F334-434A-929A-333A2C317E61}"
EndProject
Project("{FAE04EC0-301F-11D3-BF4B-00C04F79EFBC}") = "Test.Automated", "Test.Automated\Test.Automated.csproj", "{DD7DB585-F622-4BF3-903E-3E837DAA6A8D}"
EndProject
Project("{FAE04EC0-301F-11D3-BF4B-00C04F79EFBC}") = "Test.Xunit", "Test.Xunit\Test.Xunit.csproj", "{FC118C0A-A5BE-4760-BFF7-32991F940B98}"
EndProject
Project("{FAE04EC0-301F-11D3-BF4B-00C04F79EFBC}") = "Test.Nunit", "Test.Nunit\Test.Nunit.csproj", "{6BEA0324-5558-46D7-807E-BC392C52B2AF}"
EndProject
Project("{FAE04EC0-301F-11D3-BF4B-00C04F79EFBC}") = "Durable.Sql", "Durable.Sql\Durable.Sql.csproj", "{69D81B86-56CE-4822-88C2-9AC8C65AAEBA}"
EndProject
Project("{FAE04EC0-301F-11D3-BF4B-00C04F79EFBC}") = "Test.Benchmark", "Test.Benchmark\Test.Benchmark.csproj", "{D5C01DDD-BF55-4FD9-91E0-C0FC55EF6078}"
Project("{FAE04EC0-301F-11D3-BF4B-00C04F79EFBC}") = "Durable.Conformance", "Durable.Conformance\Durable.Conformance.csproj", "{04D1F113-7DE2-4965-ADA9-8308882A739D}"
Project("{FAE04EC0-301F-11D3-BF4B-00C04F79EFBC}") = "Durable.InMemory", "Durable.InMemory\Durable.InMemory.csproj", "{667A80C3-7E79-4E2E-91F7-6D3991C32F0D}"
EndProject
Global
	GlobalSection(SolutionConfigurationPlatforms) = preSolution
		Debug|Any CPU = Debug|Any CPU
		Debug|x64 = Debug|x64
		Debug|x86 = Debug|x86
		Release|Any CPU = Release|Any CPU
		Release|x64 = Release|x64
		Release|x86 = Release|x86
	EndGlobalSection
	GlobalSection(ProjectConfigurationPlatforms) = postSolution
		{3F86C967-D4C2-4FF3-9256-9C466FB7377E}.Debug|Any CPU.ActiveCfg = Debug|Any CPU
		{3F86C967-D4C2-4FF3-9256-9C466FB7377E}.Debug|Any CPU.Build.0 = Debug|Any CPU
		{3F86C967-D4C2-4FF3-9256-9C466FB7377E}.Debug|x64.ActiveCfg = Debug|Any CPU
		{3F86C967-D4C2-4FF3-9256-9C466FB7377E}.Debug|x64.Build.0 = Debug|Any CPU
		{3F86C967-D4C2-4FF3-9256-9C466FB7377E}.Debug|x86.ActiveCfg = Debug|Any CPU
		{3F86C967-D4C2-4FF3-9256-9C466FB7377E}.Debug|x86.Build.0 = Debug|Any CPU
		{3F86C967-D4C2-4FF3-9256-9C466FB7377E}.Release|Any CPU.ActiveCfg = Release|Any CPU
		{3F86C967-D4C2-4FF3-9256-9C466FB7377E}.Release|Any CPU.Build.0 = Release|Any CPU
		{3F86C967-D4C2-4FF3-9256-9C466FB7377E}.Release|x64.ActiveCfg = Release|Any CPU
		{3F86C967-D4C2-4FF3-9256-9C466FB7377E}.Release|x64.Build.0 = Release|Any CPU
		{3F86C967-D4C2-4FF3-9256-9C466FB7377E}.Release|x86.ActiveCfg = Release|Any CPU
		{3F86C967-D4C2-4FF3-9256-9C466FB7377E}.Release|x86.Build.0 = Release|Any CPU
		{FE7E8885-E5D2-42F2-9B27-877F168BD42D}.Debug|Any CPU.ActiveCfg = Debug|Any CPU
		{FE7E8885-E5D2-42F2-9B27-877F168BD42D}.Debug|Any CPU.Build.0 = Debug|Any CPU
		{FE7E8885-E5D2-42F2-9B27-877F168BD42D}.Debug|x64.ActiveCfg = Debug|Any CPU
		{FE7E8885-E5D2-42F2-9B27-877F168BD42D}.Debug|x64.Build.0 = Debug|Any CPU
		{FE7E8885-E5D2-42F2-9B27-877F168BD42D}.Debug|x86.ActiveCfg = Debug|Any CPU
		{FE7E8885-E5D2-42F2-9B27-877F168BD42D}.Debug|x86.Build.0 = Debug|Any CPU
		{FE7E8885-E5D2-42F2-9B27-877F168BD42D}.Release|Any CPU.ActiveCfg = Release|Any CPU
		{FE7E8885-E5D2-42F2-9B27-877F168BD42D}.Release|Any CPU.Build.0 = Release|Any CPU
		{FE7E8885-E5D2-42F2-9B27-877F168BD42D}.Release|x64.ActiveCfg = Release|Any CPU
		{FE7E8885-E5D2-42F2-9B27-877F168BD42D}.Release|x64.Build.0 = Release|Any CPU
		{FE7E8885-E5D2-42F2-9B27-877F168BD42D}.Release|x86.ActiveCfg = Release|Any CPU
		{FE7E8885-E5D2-42F2-9B27-877F168BD42D}.Release|x86.Build.0 = Release|Any CPU
		{5C44F130-BFBB-4F83-AAC9-0C1B2BE0F8F9}.Debug|Any CPU.ActiveCfg = Debug|Any CPU
		{5C44F130-BFBB-4F83-AAC9-0C1B2BE0F8F9}.Debug|Any CPU.Build.0 = Debug|Any CPU
		{5C44F130-BFBB-4F83-AAC9-0C1B2BE0F8F9}.Debug|x64.ActiveCfg = Debug|Any CPU
		{5C44F130-BFBB-4F83-AAC9-0C1B2BE0F8F9}.Debug|x64.Build.0 = Debug|Any CPU
		{5C44F130-BFBB-4F83-AAC9-0C1B2BE0F8F9}.Debug|x86.ActiveCfg = Debug|Any CPU
		{5C44F130-BFBB-4F83-AAC9-0C1B2BE0F8F9}.Debug|x86.Build.0 = Debug|Any CPU
		{5C44F130-BFBB-4F83-AAC9-0C1B2BE0F8F9}.Release|Any CPU.ActiveCfg = Release|Any CPU
		{5C44F130-BFBB-4F83-AAC9-0C1B2BE0F8F9}.Release|Any CPU.Build.0 = Release|Any CPU
		{5C44F130-BFBB-4F83-AAC9-0C1B2BE0F8F9}.Release|x64.ActiveCfg = Release|Any CPU
		{5C44F130-BFBB-4F83-AAC9-0C1B2BE0F8F9}.Release|x64.Build.0 = Release|Any CPU
		{5C44F130-BFBB-4F83-AAC9-0C1B2BE0F8F9}.Release|x86.ActiveCfg = Release|Any CPU
		{5C44F130-BFBB-4F83-AAC9-0C1B2BE0F8F9}.Release|x86.Build.0 = Release|Any CPU
		{6FAEE124-15E1-40DC-ACDA-8E237A03DEAF}.Debug|Any CPU.ActiveCfg = Debug|Any CPU
		{6FAEE124-15E1-40DC-ACDA-8E237A03DEAF}.Debug|Any CPU.Build.0 = Debug|Any CPU
		{6FAEE124-15E1-40DC-ACDA-8E237A03DEAF}.Debug|x64.ActiveCfg = Debug|Any CPU
		{6FAEE124-15E1-40DC-ACDA-8E237A03DEAF}.Debug|x64.Build.0 = Debug|Any CPU
		{6FAEE124-15E1-40DC-ACDA-8E237A03DEAF}.Debug|x86.ActiveCfg = Debug|Any CPU
		{6FAEE124-15E1-40DC-ACDA-8E237A03DEAF}.Debug|x86.Build.0 = Debug|Any CPU
		{6FAEE124-15E1-40DC-ACDA-8E237A03DEAF}.Release|Any CPU.ActiveCfg = Release|Any CPU
		{6FAEE124-15E1-40DC-ACDA-8E237A03DEAF}.Release|Any CPU.Build.0 = Release|Any CPU
		{6FAEE124-15E1-40DC-ACDA-8E237A03DEAF}.Release|x64.ActiveCfg = Release|Any CPU
		{6FAEE124-15E1-40DC-ACDA-8E237A03DEAF}.Release|x64.Build.0 = Release|Any CPU
		{6FAEE124-15E1-40DC-ACDA-8E237A03DEAF}.Release|x86.ActiveCfg = Release|Any CPU
		{6FAEE124-15E1-40DC-ACDA-8E237A03DEAF}.Release|x86.Build.0 = Release|Any CPU
		{AD772CDD-8F67-4428-AA6A-95ACAC4CDDE1}.Debug|Any CPU.ActiveCfg = Debug|Any CPU
		{AD772CDD-8F67-4428-AA6A-95ACAC4CDDE1}.Debug|Any CPU.Build.0 = Debug|Any CPU
		{AD772CDD-8F67-4428-AA6A-95ACAC4CDDE1}.Debug|x64.ActiveCfg = Debug|Any CPU
		{AD772CDD-8F67-4428-AA6A-95ACAC4CDDE1}.Debug|x64.Build.0 = Debug|Any CPU
		{AD772CDD-8F67-4428-AA6A-95ACAC4CDDE1}.Debug|x86.ActiveCfg = Debug|Any CPU
		{AD772CDD-8F67-4428-AA6A-95ACAC4CDDE1}.Debug|x86.Build.0 = Debug|Any CPU
		{AD772CDD-8F67-4428-AA6A-95ACAC4CDDE1}.Release|Any CPU.ActiveCfg = Release|Any CPU
		{AD772CDD-8F67-4428-AA6A-95ACAC4CDDE1}.Release|Any CPU.Build.0 = Release|Any CPU
		{AD772CDD-8F67-4428-AA6A-95ACAC4CDDE1}.Release|x64.ActiveCfg = Release|Any CPU
		{AD772CDD-8F67-4428-AA6A-95ACAC4CDDE1}.Release|x64.Build.0 = Release|Any CPU
		{AD772CDD-8F67-4428-AA6A-95ACAC4CDDE1}.Release|x86.ActiveCfg = Release|Any CPU
		{AD772CDD-8F67-4428-AA6A-95ACAC4CDDE1}.Release|x86.Build.0 = Release|Any CPU
		{77F888B8-D980-4593-9948-261C7572965B}.Debug|Any CPU.ActiveCfg = Debug|Any CPU
		{77F888B8-D980-4593-9948-261C7572965B}.Debug|Any CPU.Build.0 = Debug|Any CPU
		{77F888B8-D980-4593-9948-261C7572965B}.Debug|x64.ActiveCfg = Debug|Any CPU
		{77F888B8-D980-4593-9948-261C7572965B}.Debug|x64.Build.0 = Debug|Any CPU
		{77F888B8-D980-4593-9948-261C7572965B}.Debug|x86.ActiveCfg = Debug|Any CPU
		{77F888B8-D980-4593-9948-261C7572965B}.Debug|x86.Build.0 = Debug|Any CPU
		{77F888B8-D980-4593-9948-261C7572965B}.Release|Any CPU.ActiveCfg = Release|Any CPU
		{77F888B8-D980-4593-9948-261C7572965B}.Release|Any CPU.Build.0 = Release|Any CPU
		{77F888B8-D980-4593-9948-261C7572965B}.Release|x64.ActiveCfg = Release|Any CPU
		{77F888B8-D980-4593-9948-261C7572965B}.Release|x64.Build.0 = Release|Any CPU
		{77F888B8-D980-4593-9948-261C7572965B}.Release|x86.ActiveCfg = Release|Any CPU
		{77F888B8-D980-4593-9948-261C7572965B}.Release|x86.Build.0 = Release|Any CPU
		{7F742C34-324D-4DA0-8A6B-B5A23E360A8D}.Debug|Any CPU.ActiveCfg = Debug|Any CPU
		{7F742C34-324D-4DA0-8A6B-B5A23E360A8D}.Debug|Any CPU.Build.0 = Debug|Any CPU
		{7F742C34-324D-4DA0-8A6B-B5A23E360A8D}.Debug|x64.ActiveCfg = Debug|Any CPU
		{7F742C34-324D-4DA0-8A6B-B5A23E360A8D}.Debug|x64.Build.0 = Debug|Any CPU
		{7F742C34-324D-4DA0-8A6B-B5A23E360A8D}.Debug|x86.ActiveCfg = Debug|Any CPU
		{7F742C34-324D-4DA0-8A6B-B5A23E360A8D}.Debug|x86.Build.0 = Debug|Any CPU
		{7F742C34-324D-4DA0-8A6B-B5A23E360A8D}.Release|Any CPU.ActiveCfg = Release|Any CPU
		{7F742C34-324D-4DA0-8A6B-B5A23E360A8D}.Release|Any CPU.Build.0 = Release|Any CPU
		{7F742C34-324D-4DA0-8A6B-B5A23E360A8D}.Release|x64.ActiveCfg = Release|Any CPU
		{7F742C34-324D-4DA0-8A6B-B5A23E360A8D}.Release|x64.Build.0 = Release|Any CPU
		{7F742C34-324D-4DA0-8A6B-B5A23E360A8D}.Release|x86.ActiveCfg = Release|Any CPU
		{7F742C34-324D-4DA0-8A6B-B5A23E360A8D}.Release|x86.Build.0 = Release|Any CPU
		{38353514-06D7-A820-FA3F-2AEE4975316F}.Debug|Any CPU.ActiveCfg = Debug|Any CPU
		{38353514-06D7-A820-FA3F-2AEE4975316F}.Debug|Any CPU.Build.0 = Debug|Any CPU
		{38353514-06D7-A820-FA3F-2AEE4975316F}.Debug|x64.ActiveCfg = Debug|Any CPU
		{38353514-06D7-A820-FA3F-2AEE4975316F}.Debug|x64.Build.0 = Debug|Any CPU
		{38353514-06D7-A820-FA3F-2AEE4975316F}.Debug|x86.ActiveCfg = Debug|Any CPU
		{38353514-06D7-A820-FA3F-2AEE4975316F}.Debug|x86.Build.0 = Debug|Any CPU
		{38353514-06D7-A820-FA3F-2AEE4975316F}.Release|Any CPU.ActiveCfg = Release|Any CPU
		{38353514-06D7-A820-FA3F-2AEE4975316F}.Release|Any CPU.Build.0 = Release|Any CPU
		{38353514-06D7-A820-FA3F-2AEE4975316F}.Release|x64.ActiveCfg = Release|Any CPU
		{38353514-06D7-A820-FA3F-2AEE4975316F}.Release|x64.Build.0 = Release|Any CPU
		{38353514-06D7-A820-FA3F-2AEE4975316F}.Release|x86.ActiveCfg = Release|Any CPU
		{38353514-06D7-A820-FA3F-2AEE4975316F}.Release|x86.Build.0 = Release|Any CPU
		{8152FBA0-E58C-41E0-CC0E-04D8CBE77F12}.Debug|Any CPU.ActiveCfg = Debug|Any CPU
		{8152FBA0-E58C-41E0-CC0E-04D8CBE77F12}.Debug|Any CPU.Build.0 = Debug|Any CPU
		{8152FBA0-E58C-41E0-CC0E-04D8CBE77F12}.Debug|x64.ActiveCfg = Debug|Any CPU
		{8152FBA0-E58C-41E0-CC0E-04D8CBE77F12}.Debug|x64.Build.0 = Debug|Any CPU
		{8152FBA0-E58C-41E0-CC0E-04D8CBE77F12}.Debug|x86.ActiveCfg = Debug|Any CPU
		{8152FBA0-E58C-41E0-CC0E-04D8CBE77F12}.Debug|x86.Build.0 = Debug|Any CPU
		{8152FBA0-E58C-41E0-CC0E-04D8CBE77F12}.Release|Any CPU.ActiveCfg = Release|Any CPU
		{8152FBA0-E58C-41E0-CC0E-04D8CBE77F12}.Release|Any CPU.Build.0 = Release|Any CPU
		{8152FBA0-E58C-41E0-CC0E-04D8CBE77F12}.Release|x64.ActiveCfg = Release|Any CPU
		{8152FBA0-E58C-41E0-CC0E-04D8CBE77F12}.Release|x64.Build.0 = Release|Any CPU
		{8152FBA0-E58C-41E0-CC0E-04D8CBE77F12}.Release|x86.ActiveCfg = Release|Any CPU
		{8152FBA0-E58C-41E0-CC0E-04D8CBE77F12}.Release|x86.Build.0 = Release|Any CPU
		{AAF31A1E-A62B-AA11-4FD5-CF94D8694CA7}.Debug|Any CPU.ActiveCfg = Debug|Any CPU
		{AAF31A1E-A62B-AA11-4FD5-CF94D8694CA7}.Debug|Any CPU.Build.0 = Debug|Any CPU
		{AAF31A1E-A62B-AA11-4FD5-CF94D8694CA7}.Debug|x64.ActiveCfg = Debug|Any CPU
		{AAF31A1E-A62B-AA11-4FD5-CF94D8694CA7}.Debug|x64.Build.0 = Debug|Any CPU
		{AAF31A1E-A62B-AA11-4FD5-CF94D8694CA7}.Debug|x86.ActiveCfg = Debug|Any CPU
		{AAF31A1E-A62B-AA11-4FD5-CF94D8694CA7}.Debug|x86.Build.0 = Debug|Any CPU
		{AAF31A1E-A62B-AA11-4FD5-CF94D8694CA7}.Release|Any CPU.ActiveCfg = Release|Any CPU
		{AAF31A1E-A62B-AA11-4FD5-CF94D8694CA7}.Release|Any CPU.Build.0 = Release|Any CPU
		{AAF31A1E-A62B-AA11-4FD5-CF94D8694CA7}.Release|x64.ActiveCfg = Release|Any CPU
		{AAF31A1E-A62B-AA11-4FD5-CF94D8694CA7}.Release|x64.Build.0 = Release|Any CPU
		{AAF31A1E-A62B-AA11-4FD5-CF94D8694CA7}.Release|x86.ActiveCfg = Release|Any CPU
		{AAF31A1E-A62B-AA11-4FD5-CF94D8694CA7}.Release|x86.Build.0 = Release|Any CPU
		{DD7DB585-F622-4BF3-903E-3E837DAA6A8D}.Debug|Any CPU.ActiveCfg = Debug|Any CPU
		{DD7DB585-F622-4BF3-903E-3E837DAA6A8D}.Debug|Any CPU.Build.0 = Debug|Any CPU
		{DD7DB585-F622-4BF3-903E-3E837DAA6A8D}.Debug|x64.ActiveCfg = Debug|Any CPU
		{DD7DB585-F622-4BF3-903E-3E837DAA6A8D}.Debug|x64.Build.0 = Debug|Any CPU
		{DD7DB585-F622-4BF3-903E-3E837DAA6A8D}.Debug|x86.ActiveCfg = Debug|Any CPU
		{DD7DB585-F622-4BF3-903E-3E837DAA6A8D}.Debug|x86.Build.0 = Debug|Any CPU
		{DD7DB585-F622-4BF3-903E-3E837DAA6A8D}.Release|Any CPU.ActiveCfg = Release|Any CPU
		{DD7DB585-F622-4BF3-903E-3E837DAA6A8D}.Release|Any CPU.Build.0 = Release|Any CPU
		{DD7DB585-F622-4BF3-903E-3E837DAA6A8D}.Release|x64.ActiveCfg = Release|Any CPU
		{DD7DB585-F622-4BF3-903E-3E837DAA6A8D}.Release|x64.Build.0 = Release|Any CPU
		{DD7DB585-F622-4BF3-903E-3E837DAA6A8D}.Release|x86.ActiveCfg = Release|Any CPU
		{DD7DB585-F622-4BF3-903E-3E837DAA6A8D}.Release|x86.Build.0 = Release|Any CPU
		{FC118C0A-A5BE-4760-BFF7-32991F940B98}.Debug|Any CPU.ActiveCfg = Debug|Any CPU
		{FC118C0A-A5BE-4760-BFF7-32991F940B98}.Debug|Any CPU.Build.0 = Debug|Any CPU
		{FC118C0A-A5BE-4760-BFF7-32991F940B98}.Debug|x64.ActiveCfg = Debug|Any CPU
		{FC118C0A-A5BE-4760-BFF7-32991F940B98}.Debug|x64.Build.0 = Debug|Any CPU
		{FC118C0A-A5BE-4760-BFF7-32991F940B98}.Debug|x86.ActiveCfg = Debug|Any CPU
		{FC118C0A-A5BE-4760-BFF7-32991F940B98}.Debug|x86.Build.0 = Debug|Any CPU
		{FC118C0A-A5BE-4760-BFF7-32991F940B98}.Release|Any CPU.ActiveCfg = Release|Any CPU
		{FC118C0A-A5BE-4760-BFF7-32991F940B98}.Release|Any CPU.Build.0 = Release|Any CPU
		{FC118C0A-A5BE-4760-BFF7-32991F940B98}.Release|x64.ActiveCfg = Release|Any CPU
		{FC118C0A-A5BE-4760-BFF7-32991F940B98}.Release|x64.Build.0 = Release|Any CPU
		{FC118C0A-A5BE-4760-BFF7-32991F940B98}.Release|x86.ActiveCfg = Release|Any CPU
		{FC118C0A-A5BE-4760-BFF7-32991F940B98}.Release|x86.Build.0 = Release|Any CPU
		{6BEA0324-5558-46D7-807E-BC392C52B2AF}.Debug|Any CPU.ActiveCfg = Debug|Any CPU
		{6BEA0324-5558-46D7-807E-BC392C52B2AF}.Debug|Any CPU.Build.0 = Debug|Any CPU
		{6BEA0324-5558-46D7-807E-BC392C52B2AF}.Debug|x64.ActiveCfg = Debug|Any CPU
		{6BEA0324-5558-46D7-807E-BC392C52B2AF}.Debug|x64.Build.0 = Debug|Any CPU
		{6BEA0324-5558-46D7-807E-BC392C52B2AF}.Debug|x86.ActiveCfg = Debug|Any CPU
		{6BEA0324-5558-46D7-807E-BC392C52B2AF}.Debug|x86.Build.0 = Debug|Any CPU
		{6BEA0324-5558-46D7-807E-BC392C52B2AF}.Release|Any CPU.ActiveCfg = Release|Any CPU
		{6BEA0324-5558-46D7-807E-BC392C52B2AF}.Release|Any CPU.Build.0 = Release|Any CPU
		{6BEA0324-5558-46D7-807E-BC392C52B2AF}.Release|x64.ActiveCfg = Release|Any CPU
		{6BEA0324-5558-46D7-807E-BC392C52B2AF}.Release|x64.Build.0 = Release|Any CPU
		{6BEA0324-5558-46D7-807E-BC392C52B2AF}.Release|x86.ActiveCfg = Release|Any CPU
		{6BEA0324-5558-46D7-807E-BC392C52B2AF}.Release|x86.Build.0 = Release|Any CPU
		{69D81B86-56CE-4822-88C2-9AC8C65AAEBA}.Debug|Any CPU.ActiveCfg = Debug|Any CPU
		{69D81B86-56CE-4822-88C2-9AC8C65AAEBA}.Debug|Any CPU.Build.0 = Debug|Any CPU
		{69D81B86-56CE-4822-88C2-9AC8C65AAEBA}.Debug|x64.ActiveCfg = Debug|Any CPU
		{69D81B86-56CE-4822-88C2-9AC8C65AAEBA}.Debug|x64.Build.0 = Debug|Any CPU
		{69D81B86-56CE-4822-88C2-9AC8C65AAEBA}.Debug|x86.ActiveCfg = Debug|Any CPU
		{69D81B86-56CE-4822-88C2-9AC8C65AAEBA}.Debug|x86.Build.0 = Debug|Any CPU
		{69D81B86-56CE-4822-88C2-9AC8C65AAEBA}.Release|Any CPU.ActiveCfg = Release|Any CPU
		{69D81B86-56CE-4822-88C2-9AC8C65AAEBA}.Release|Any CPU.Build.0 = Release|Any CPU
		{69D81B86-56CE-4822-88C2-9AC8C65AAEBA}.Release|x64.ActiveCfg = Release|Any CPU
		{69D81B86-56CE-4822-88C2-9AC8C65AAEBA}.Release|x64.Build.0 = Release|Any CPU
		{69D81B86-56CE-4822-88C2-9AC8C65AAEBA}.Release|x86.ActiveCfg = Release|Any CPU
		{69D81B86-56CE-4822-88C2-9AC8C65AAEBA}.Release|x86.Build.0 = Release|Any CPU
		{D5C01DDD-BF55-4FD9-91E0-C0FC55EF6078}.Debug|Any CPU.ActiveCfg = Debug|Any CPU
		{D5C01DDD-BF55-4FD9-91E0-C0FC55EF6078}.Debug|Any CPU.Build.0 = Debug|Any CPU
		{D5C01DDD-BF55-4FD9-91E0-C0FC55EF6078}.Debug|x64.ActiveCfg = Debug|Any CPU
		{D5C01DDD-BF55-4FD9-91E0-C0FC55EF6078}.Debug|x64.Build.0 = Debug|Any CPU
		{D5C01DDD-BF55-4FD9-91E0-C0FC55EF6078}.Debug|x86.ActiveCfg = Debug|Any CPU
		{D5C01DDD-BF55-4FD9-91E0-C0FC55EF6078}.Debug|x86.Build.0 = Debug|Any CPU
		{D5C01DDD-BF55-4FD9-91E0-C0FC55EF6078}.Release|Any CPU.ActiveCfg = Release|Any CPU
		{D5C01DDD-BF55-4FD9-91E0-C0FC55EF6078}.Release|Any CPU.Build.0 = Release|Any CPU
		{D5C01DDD-BF55-4FD9-91E0-C0FC55EF6078}.Release|x64.ActiveCfg = Release|Any CPU
		{D5C01DDD-BF55-4FD9-91E0-C0FC55EF6078}.Release|x64.Build.0 = Release|Any CPU
		{D5C01DDD-BF55-4FD9-91E0-C0FC55EF6078}.Release|x86.ActiveCfg = Release|Any CPU
		{D5C01DDD-BF55-4FD9-91E0-C0FC55EF6078}.Release|x86.Build.0 = Release|Any CPU
		{04D1F113-7DE2-4965-ADA9-8308882A739D}.Debug|Any CPU.ActiveCfg = Debug|Any CPU
		{04D1F113-7DE2-4965-ADA9-8308882A739D}.Debug|Any CPU.Build.0 = Debug|Any CPU
		{04D1F113-7DE2-4965-ADA9-8308882A739D}.Debug|x64.ActiveCfg = Debug|Any CPU
		{04D1F113-7DE2-4965-ADA9-8308882A739D}.Debug|x64.Build.0 = Debug|Any CPU
		{04D1F113-7DE2-4965-ADA9-8308882A739D}.Debug|x86.ActiveCfg = Debug|Any CPU
		{04D1F113-7DE2-4965-ADA9-8308882A739D}.Debug|x86.Build.0 = Debug|Any CPU
		{04D1F113-7DE2-4965-ADA9-8308882A739D}.Release|Any CPU.ActiveCfg = Release|Any CPU
		{04D1F113-7DE2-4965-ADA9-8308882A739D}.Release|Any CPU.Build.0 = Release|Any CPU
		{04D1F113-7DE2-4965-ADA9-8308882A739D}.Release|x64.ActiveCfg = Release|Any CPU
		{04D1F113-7DE2-4965-ADA9-8308882A739D}.Release|x64.Build.0 = Release|Any CPU
		{04D1F113-7DE2-4965-ADA9-8308882A739D}.Release|x86.ActiveCfg = Release|Any CPU
		{04D1F113-7DE2-4965-ADA9-8308882A739D}.Release|x86.Build.0 = Release|Any CPU
		{667A80C3-7E79-4E2E-91F7-6D3991C32F0D}.Debug|Any CPU.ActiveCfg = Debug|Any CPU
		{667A80C3-7E79-4E2E-91F7-6D3991C32F0D}.Debug|Any CPU.Build.0 = Debug|Any CPU
		{667A80C3-7E79-4E2E-91F7-6D3991C32F0D}.Debug|x64.ActiveCfg = Debug|Any CPU
		{667A80C3-7E79-4E2E-91F7-6D3991C32F0D}.Debug|x64.Build.0 = Debug|Any CPU
		{667A80C3-7E79-4E2E-91F7-6D3991C32F0D}.Debug|x86.ActiveCfg = Debug|Any CPU
		{667A80C3-7E79-4E2E-91F7-6D3991C32F0D}.Debug|x86.Build.0 = Debug|Any CPU
		{667A80C3-7E79-4E2E-91F7-6D3991C32F0D}.Release|Any CPU.ActiveCfg = Release|Any CPU
		{667A80C3-7E79-4E2E-91F7-6D3991C32F0D}.Release|Any CPU.Build.0 = Release|Any CPU
		{667A80C3-7E79-4E2E-91F7-6D3991C32F0D}.Release|x64.ActiveCfg = Release|Any CPU
		{667A80C3-7E79-4E2E-91F7-6D3991C32F0D}.Release|x64.Build.0 = Release|Any CPU
		{667A80C3-7E79-4E2E-91F7-6D3991C32F0D}.Release|x86.ActiveCfg = Release|Any CPU
		{667A80C3-7E79-4E2E-91F7-6D3991C32F0D}.Release|x86.Build.0 = Release|Any CPU
	EndGlobalSection
	GlobalSection(SolutionProperties) = preSolution
		HideSolutionNode = FALSE
	EndGlobalSection
	GlobalSection(NestedProjects) = preSolution
		{5C44F130-BFBB-4F83-AAC9-0C1B2BE0F8F9} = {CD38219E-B562-4268-A1D3-CA38E7000FD9}
		{7F742C34-324D-4DA0-8A6B-B5A23E360A8D} = {57D8DC95-F334-434A-929A-333A2C317E61}
		{38353514-06D7-A820-FA3F-2AEE4975316F} = {57D8DC95-F334-434A-929A-333A2C317E61}
		{8152FBA0-E58C-41E0-CC0E-04D8CBE77F12} = {57D8DC95-F334-434A-929A-333A2C317E61}
		{AAF31A1E-A62B-AA11-4FD5-CF94D8694CA7} = {57D8DC95-F334-434A-929A-333A2C317E61}
		{57D8DC95-F334-434A-929A-333A2C317E61} = {02EA681E-C7D8-13C7-8484-4AC65E1B71E8}
		{DD7DB585-F622-4BF3-903E-3E837DAA6A8D} = {CD38219E-B562-4268-A1D3-CA38E7000FD9}
		{FC118C0A-A5BE-4760-BFF7-32991F940B98} = {CD38219E-B562-4268-A1D3-CA38E7000FD9}
		{6BEA0324-5558-46D7-807E-BC392C52B2AF} = {CD38219E-B562-4268-A1D3-CA38E7000FD9}
	EndGlobalSection
	GlobalSection(ExtensibilityGlobals) = postSolution
		SolutionGuid = {7D057C7B-FD25-4979-81E6-F2D4DFB5C298}
	EndGlobalSection
EndGlobal
