
Microsoft Visual Studio Solution File, Format Version 12.00
# Visual Studio Version 17
VisualStudioVersion = 17.12.35527.113
MinimumVisualStudioVersion = 10.0.40219.1
Project("{FAE04EC0-301F-11D3-BF4B-00C04F79EFBC}") = "Durable", "Durable\Durable.csproj", "{3F86C967-D4C2-4FF3-9256-9C466FB7377E}"
EndProject
Project("{FAE04EC0-301F-11D3-BF4B-00C04F79EFBC}") = "Durable.Sqlite", "Durable.Sqlite\Durable.Sqlite.csproj", "{FE7E8885-E5D2-42F2-9B27-877F168BD42D}"
EndProject
Project("{FAE04EC0-301F-11D3-BF4B-00C04F79EFBC}") = "Test.Sqlite", "Test.Sqlite\Test.Sqlite.csproj", "{211A1AE1-7BDB-4B09-88B7-1E8219789447}"
EndProject
Project("{FAE04EC0-301F-11D3-BF4B-00C04F79EFBC}") = "Test.Shared", "Test.Shared\Test.Shared.csproj", "{5C44F130-BFBB-4F83-AAC9-0C1B2BE0F8F9}"
EndProject
Project("{FAE04EC0-301F-11D3-BF4B-00C04F79EFBC}") = "Test.MySql", "Test.MySql\Test.MySql.csproj", "{E7095698-B96B-4652-826C-767ADE757DAB}"
EndProject
Project("{FAE04EC0-301F-11D3-BF4B-00C04F79EFBC}") = "Test.Postgres", "Test.Postgres\Test.Postgres.csproj", "{F7F90198-BDAB-44B8-BB3C-1350449680FE}"
EndProject
Project("{FAE04EC0-301F-11D3-BF4B-00C04F79EFBC}") = "Test.SqlServer", "Test.SqlServer\Test.SqlServer.csproj", "{F399A315-A57E-47B3-8C7C-21352B5622BB}"
EndProject
Project("{FAE04EC0-301F-11D3-BF4B-00C04F79EFBC}") = "Durable.MySql", "Durable.MySql\Durable.MySql.csproj", "{6FAEE124-15E1-40DC-ACDA-8E237A03DEAF}"
EndProject
Project("{FAE04EC0-301F-11D3-BF4B-00C04F79EFBC}") = "Durable.Postgres", "Durable.Postgres\Durable.Postgres.csproj", "{AD772CDD-8F67-4428-AA6A-95ACAC4CDDE1}"
EndProject
Project("{FAE04EC0-301F-11D3-BF4B-00C04F79EFBC}") = "Durable.SqlServer", "Durable.SqlServer\Durable.SqlServer.csproj", "{77F888B8-D980-4593-9948-261C7572965B}"
EndProject
Project("{FAE04EC0-301F-11D3-BF4B-00C04F79EFBC}") = "Sample.BlogApp.SqlServer", "Sample.BlogApp.SqlServer\Sample.BlogApp.SqlServer.csproj", "{7F742C34-324D-4DA0-8A6B-B5A23E360A8D}"
EndProject
Global
	GlobalSection(SolutionConfigurationPlatforms) = preSolution
		Debug|Any CPU = Debug|Any CPU
		Debug|x64 = Debug|x64
		Debug|x86 = Debug|x86
		Release|Any CPU = Release|Any CPU
		Release|x64 = Release|x64
		Release|x86 = Release|x86
	EndGlobalSection
	GlobalSection(ProjectConfigurationPlatforms) = postSolution
		{3F86C967-D4C2-4FF3-9256-9C466FB7377E}.Debug|Any CPU.ActiveCfg = Debug|Any CPU
		{3F86C967-D4C2-4FF3-9256-9C466FB7377E}.Debug|Any CPU.Build.0 = Debug|Any CPU
		{3F86C967-D4C2-4FF3-9256-9C466FB7377E}.Debug|x64.ActiveCfg = Debug|Any CPU
		{3F86C967-D4C2-4FF3-9256-9C466FB7377E}.Debug|x64.Build.0 = Debug|Any CPU
		{3F86C967-D4C2-4FF3-9256-9C466FB7377E}.Debug|x86.ActiveCfg = Debug|Any CPU
		{3F86C967-D4C2-4FF3-9256-9C466FB7377E}.Debug|x86.Build.0 = Debug|Any CPU
		{3F86C967-D4C2-4FF3-9256-9C466FB7377E}.Release|Any CPU.ActiveCfg = Release|Any CPU
		{3F86C967-D4C2-4FF3-9256-9C466FB7377E}.Release|Any CPU.Build.0 = Release|Any CPU
		{3F86C967-D4C2-4FF3-9256-9C466FB7377E}.Release|x64.ActiveCfg = Release|Any CPU
		{3F86C967-D4C2-4FF3-9256-9C466FB7377E}.Release|x64.Build.0 = Release|Any CPU
		{3F86C967-D4C2-4FF3-9256-9C466FB7377E}.Release|x86.ActiveCfg = Release|Any CPU
		{3F86C967-D4C2-4FF3-9256-9C466FB7377E}.Release|x86.Build.0 = Release|Any CPU
		{FE7E8885-E5D2-42F2-9B27-877F168BD42D}.Debug|Any CPU.ActiveCfg = Debug|Any CPU
		{FE7E8885-E5D2-42F2-9B27-877F168BD42D}.Debug|Any CPU.Build.0 = Debug|Any CPU
		{FE7E8885-E5D2-42F2-9B27-877F168BD42D}.Debug|x64.ActiveCfg = Debug|Any CPU
		{FE7E8885-E5D2-42F2-9B27-877F168BD42D}.Debug|x64.Build.0 = Debug|Any CPU
		{FE7E8885-E5D2-42F2-9B27-877F168BD42D}.Debug|x86.ActiveCfg = Debug|Any CPU
		{FE7E8885-E5D2-42F2-9B27-877F168BD42D}.Debug|x86.Build.0 = Debug|Any CPU
		{FE7E8885-E5D2-42F2-9B27-877F168BD42D}.Release|Any CPU.ActiveCfg = Release|Any CPU
		{FE7E8885-E5D2-42F2-9B27-877F168BD42D}.Release|Any CPU.Build.0 = Release|Any CPU
		{FE7E8885-E5D2-42F2-9B27-877F168BD42D}.Release|x64.ActiveCfg = Release|Any CPU
		{FE7E8885-E5D2-42F2-9B27-877F168BD42D}.Release|x64.Build.0 = Release|Any CPU
		{FE7E8885-E5D2-42F2-9B27-877F168BD42D}.Release|x86.ActiveCfg = Release|Any CPU
		{FE7E8885-E5D2-42F2-9B27-877F168BD42D}.Release|x86.Build.0 = Release|Any CPU
		{211A1AE1-7BDB-4B09-88B7-1E8219789447}.Debug|Any CPU.ActiveCfg = Debug|Any CPU
		{211A1AE1-7BDB-4B09-88B7-1E8219789447}.Debug|Any CPU.Build.0 = Debug|Any CPU
		{211A1AE1-7BDB-4B09-88B7-1E8219789447}.Debug|x64.ActiveCfg = Debug|Any CPU
		{211A1AE1-7BDB-4B09-88B7-1E8219789447}.Debug|x64.Build.0 = Debug|Any CPU
		{211A1AE1-7BDB-4B09-88B7-1E8219789447}.Debug|x86.ActiveCfg = Debug|Any CPU
		{211A1AE1-7BDB-4B09-88B7-1E8219789447}.Debug|x86.Build.0 = Debug|Any CPU
		{211A1AE1-7BDB-4B09-88B7-1E8219789447}.Release|Any CPU.ActiveCfg = Release|Any CPU
		{211A1AE1-7BDB-4B09-88B7-1E8219789447}.Release|Any CPU.Build.0 = Release|Any CPU
		{211A1AE1-7BDB-4B09-88B7-1E8219789447}.Release|x64.ActiveCfg = Release|Any CPU
		{211A1AE1-7BDB-4B09-88B7-1E8219789447}.Release|x64.Build.0 = Release|Any CPU
		{211A1AE1-7BDB-4B09-88B7-1E8219789447}.Release|x86.ActiveCfg = Release|Any CPU
		{211A1AE1-7BDB-4B09-88B7-1E8219789447}.Release|x86.Build.0 = Release|Any CPU
		{5C44F130-BFBB-4F83-AAC9-0C1B2BE0F8F9}.Debug|Any CPU.ActiveCfg = Debug|Any CPU
		{5C44F130-BFBB-4F83-AAC9-0C1B2BE0F8F9}.Debug|Any CPU.Build.0 = Debug|Any CPU
		{5C44F130-BFBB-4F83-AAC9-0C1B2BE0F8F9}.Debug|x64.ActiveCfg = Debug|Any CPU
		{5C44F130-BFBB-4F83-AAC9-0C1B2BE0F8F9}.Debug|x64.Build.0 = Debug|Any CPU
		{5C44F130-BFBB-4F83-AAC9-0C1B2BE0F8F9}.Debug|x86.ActiveCfg = Debug|Any CPU
		{5C44F130-BFBB-4F83-AAC9-0C1B2BE0F8F9}.Debug|x86.Build.0 = Debug|Any CPU
		{5C44F130-BFBB-4F83-AAC9-0C1B2BE0F8F9}.Release|Any CPU.ActiveCfg = Release|Any CPU
		{5C44F130-BFBB-4F83-AAC9-0C1B2BE0F8F9}.Release|Any CPU.Build.0 = Release|Any CPU
		{5C44F130-BFBB-4F83-AAC9-0C1B2BE0F8F9}.Release|x64.ActiveCfg = Release|Any CPU
		{5C44F130-BFBB-4F83-AAC9-0C1B2BE0F8F9}.Release|x64.Build.0 = Release|Any CPU
		{5C44F130-BFBB-4F83-AAC9-0C1B2BE0F8F9}.Release|x86.ActiveCfg = Release|Any CPU
		{5C44F130-BFBB-4F83-AAC9-0C1B2BE0F8F9}.Release|x86.Build.0 = Release|Any CPU
		{E7095698-B96B-4652-826C-767ADE757DAB}.Debug|Any CPU.ActiveCfg = Debug|Any CPU
		{E7095698-B96B-4652-826C-767ADE757DAB}.Debug|Any CPU.Build.0 = Debug|Any CPU
		{E7095698-B96B-4652-826C-767ADE757DAB}.Debug|x64.ActiveCfg = Debug|Any CPU
		{E7095698-B96B-4652-826C-767ADE757DAB}.Debug|x64.Build.0 = Debug|Any CPU
		{E7095698-B96B-4652-826C-767ADE757DAB}.Debug|x86.ActiveCfg = Debug|Any CPU
		{E7095698-B96B-4652-826C-767ADE757DAB}.Debug|x86.Build.0 = Debug|Any CPU
		{E7095698-B96B-4652-826C-767ADE757DAB}.Release|Any CPU.ActiveCfg = Release|Any CPU
		{E7095698-B96B-4652-826C-767ADE757DAB}.Release|Any CPU.Build.0 = Release|Any CPU
		{E7095698-B96B-4652-826C-767ADE757DAB}.Release|x64.ActiveCfg = Release|Any CPU
		{E7095698-B96B-4652-826C-767ADE757DAB}.Release|x64.Build.0 = Release|Any CPU
		{E7095698-B96B-4652-826C-767ADE757DAB}.Release|x86.ActiveCfg = Release|Any CPU
		{E7095698-B96B-4652-826C-767ADE757DAB}.Release|x86.Build.0 = Release|Any CPU
		{F7F90198-BDAB-44B8-BB3C-1350449680FE}.Debug|Any CPU.ActiveCfg = Debug|Any CPU
		{F7F90198-BDAB-44B8-BB3C-1350449680FE}.Debug|Any CPU.Build.0 = Debug|Any CPU
		{F7F90198-BDAB-44B8-BB3C-1350449680FE}.Debug|x64.ActiveCfg = Debug|Any CPU
		{F7F90198-BDAB-44B8-BB3C-1350449680FE}.Debug|x64.Build.0 = Debug|Any CPU
		{F7F90198-BDAB-44B8-BB3C-1350449680FE}.Debug|x86.ActiveCfg = Debug|Any CPU
		{F7F90198-BDAB-44B8-BB3C-1350449680FE}.Debug|x86.Build.0 = Debug|Any CPU
		{F7F90198-BDAB-44B8-BB3C-1350449680FE}.Release|Any CPU.ActiveCfg = Release|Any CPU
		{F7F90198-BDAB-44B8-BB3C-1350449680FE}.Release|Any CPU.Build.0 = Release|Any CPU
		{F7F90198-BDAB-44B8-BB3C-1350449680FE}.Release|x64.ActiveCfg = Release|Any CPU
		{F7F90198-BDAB-44B8-BB3C-1350449680FE}.Release|x64.Build.0 = Release|Any CPU
		{F7F90198-BDAB-44B8-BB3C-1350449680FE}.Release|x86.ActiveCfg = Release|Any CPU
		{F7F90198-BDAB-44B8-BB3C-1350449680FE}.Release|x86.Build.0 = Release|Any CPU
		{F399A315-A57E-47B3-8C7C-21352B5622BB}.Debug|Any CPU.ActiveCfg = Debug|Any CPU
		{F399A315-A57E-47B3-8C7C-21352B5622BB}.Debug|Any CPU.Build.0 = Debug|Any CPU
		{F399A315-A57E-47B3-8C7C-21352B5622BB}.Debug|x64.ActiveCfg = Debug|Any CPU
		{F399A315-A57E-47B3-8C7C-21352B5622BB}.Debug|x64.Build.0 = Debug|Any CPU
		{F399A315-A57E-47B3-8C7C-21352B5622BB}.Debug|x86.ActiveCfg = Debug|Any CPU
		{F399A315-A57E-47B3-8C7C-21352B5622BB}.Debug|x86.Build.0 = Debug|Any CPU
		{F399A315-A57E-47B3-8C7C-21352B5622BB}.Release|Any CPU.ActiveCfg = Release|Any CPU
		{F399A315-A57E-47B3-8C7C-21352B5622BB}.Release|Any CPU.Build.0 = Release|Any CPU
		{F399A315-A57E-47B3-8C7C-21352B5622BB}.Release|x64.ActiveCfg = Release|Any CPU
		{F399A315-A57E-47B3-8C7C-21352B5622BB}.Release|x64.Build.0 = Release|Any CPU
		{F399A315-A57E-47B3-8C7C-21352B5622BB}.Release|x86.ActiveCfg = Release|Any CPU
		{F399A315-A57E-47B3-8C7C-21352B5622BB}.Release|x86.Build.0 = Release|Any CPU
		{6FAEE124-15E1-40DC-ACDA-8E237A03DEAF}.Debug|Any CPU.ActiveCfg = Debug|Any CPU
		{6FAEE124-15E1-40DC-ACDA-8E237A03DEAF}.Debug|Any CPU.Build.0 = Debug|Any CPU
		{6FAEE124-15E1-40DC-ACDA-8E237A03DEAF}.Debug|x64.ActiveCfg = Debug|Any CPU
		{6FAEE124-15E1-40DC-ACDA-8E237A03DEAF}.Debug|x64.Build.0 = Debug|Any CPU
		{6FAEE124-15E1-40DC-ACDA-8E237A03DEAF}.Debug|x86.ActiveCfg = Debug|Any CPU
		{6FAEE124-15E1-40DC-ACDA-8E237A03DEAF}.Debug|x86.Build.0 = Debug|Any CPU
		{6FAEE124-15E1-40DC-ACDA-8E237A03DEAF}.Release|Any CPU.ActiveCfg = Release|Any CPU
		{6FAEE124-15E1-40DC-ACDA-8E237A03DEAF}.Release|Any CPU.Build.0 = Release|Any CPU
		{6FAEE124-15E1-40DC-ACDA-8E237A03DEAF}.Release|x64.ActiveCfg = Release|Any CPU
		{6FAEE124-15E1-40DC-ACDA-8E237A03DEAF}.Release|x64.Build.0 = Release|Any CPU
		{6FAEE124-15E1-40DC-ACDA-8E237A03DEAF}.Release|x86.ActiveCfg = Release|Any CPU
		{6FAEE124-15E1-40DC-ACDA-8E237A03DEAF}.Release|x86.Build.0 = Release|Any CPU
		{AD772CDD-8F67-4428-AA6A-95ACAC4CDDE1}.Debug|Any CPU.ActiveCfg = Debug|Any CPU
		{AD772CDD-8F67-4428-AA6A-95ACAC4CDDE1}.Debug|Any CPU.Build.0 = Debug|Any CPU
		{AD772CDD-8F67-4428-AA6A-95ACAC4CDDE1}.Debug|x64.ActiveCfg = Debug|Any CPU
		{AD772CDD-8F67-4428-AA6A-95ACAC4CDDE1}.Debug|x64.Build.0 = Debug|Any CPU
		{AD772CDD-8F67-4428-AA6A-95ACAC4CDDE1}.Debug|x86.ActiveCfg = Debug|Any CPU
		{AD772CDD-8F67-4428-AA6A-95ACAC4CDDE1}.Debug|x86.Build.0 = Debug|Any CPU
		{AD772CDD-8F67-4428-AA6A-95ACAC4CDDE1}.Release|Any CPU.ActiveCfg = Release|Any CPU
		{AD772CDD-8F67-4428-AA6A-95ACAC4CDDE1}.Release|Any CPU.Build.0 = Release|Any CPU
		{AD772CDD-8F67-4428-AA6A-95ACAC4CDDE1}.Release|x64.ActiveCfg = Release|Any CPU
		{AD772CDD-8F67-4428-AA6A-95ACAC4CDDE1}.Release|x64.Build.0 = Release|Any CPU
		{AD772CDD-8F67-4428-AA6A-95ACAC4CDDE1}.Release|x86.ActiveCfg = Release|Any CPU
		{AD772CDD-8F67-4428-AA6A-95ACAC4CDDE1}.Release|x86.Build.0 = Release|Any CPU
		{77F888B8-D980-4593-9948-261C7572965B}.Debug|Any CPU.ActiveCfg = Debug|Any CPU
		{77F888B8-D980-4593-9948-261C7572965B}.Debug|Any CPU.Build.0 = Debug|Any CPU
		{77F888B8-D980-4593-9948-261C7572965B}.Debug|x64.ActiveCfg = Debug|Any CPU
		{77F888B8-D980-4593-9948-261C7572965B}.Debug|x64.Build.0 = Debug|Any CPU
		{77F888B8-D980-4593-9948-261C7572965B}.Debug|x86.ActiveCfg = Debug|Any CPU
		{77F888B8-D980-4593-9948-261C7572965B}.Debug|x86.Build.0 = Debug|Any CPU
		{77F888B8-D980-4593-9948-261C7572965B}.Release|Any CPU.ActiveCfg = Release|Any CPU
		{77F888B8-D980-4593-9948-261C7572965B}.Release|Any CPU.Build.0 = Release|Any CPU
		{77F888B8-D980-4593-9948-261C7572965B}.Release|x64.ActiveCfg = Release|Any CPU
		{77F888B8-D980-4593-9948-261C7572965B}.Release|x64.Build.0 = Release|Any CPU
		{77F888B8-D980-4593-9948-261C7572965B}.Release|x86.ActiveCfg = Release|Any CPU
		{77F888B8-D980-4593-9948-261C7572965B}.Release|x86.Build.0 = Release|Any CPU
		{7F742C34-324D-4DA0-8A6B-B5A23E360A8D}.Debug|Any CPU.ActiveCfg = Debug|Any CPU
		{7F742C34-324D-4DA0-8A6B-B5A23E360A8D}.Debug|Any CPU.Build.0 = Debug|Any CPU
		{7F742C34-324D-4DA0-8A6B-B5A23E360A8D}.Debug|x64.ActiveCfg = Debug|Any CPU
		{7F742C34-324D-4DA0-8A6B-B5A23E360A8D}.Debug|x64.Build.0 = Debug|Any CPU
		{7F742C34-324D-4DA0-8A6B-B5A23E360A8D}.Debug|x86.ActiveCfg = Debug|Any CPU
		{7F742C34-324D-4DA0-8A6B-B5A23E360A8D}.Debug|x86.Build.0 = Debug|Any CPU
		{7F742C34-324D-4DA0-8A6B-B5A23E360A8D}.Release|Any CPU.ActiveCfg = Release|Any CPU
		{7F742C34-324D-4DA0-8A6B-B5A23E360A8D}.Release|Any CPU.Build.0 = Release|Any CPU
		{7F742C34-324D-4DA0-8A6B-B5A23E360A8D}.Release|x64.ActiveCfg = Release|Any CPU
		{7F742C34-324D-4DA0-8A6B-B5A23E360A8D}.Release|x64.Build.0 = Release|Any CPU
		{7F742C34-324D-4DA0-8A6B-B5A23E360A8D}.Release|x86.ActiveCfg = Release|Any CPU
		{7F742C34-324D-4DA0-8A6B-B5A23E360A8D}.Release|x86.Build.0 = Release|Any CPU
	EndGlobalSection
	GlobalSection(SolutionProperties) = preSolution
		HideSolutionNode = FALSE
	EndGlobalSection
EndGlobal
